// !$*UTF8*$!
{
	archiveVersion = 1;
	classes = {
	};
	objectVersion = 56;
	objects = {

/* Begin PBXBuildFile section */
		6873314F28E14BF6006CF8CC /* TrailApp.swift in Sources */ = {isa = PBXBuildFile; fileRef = 6873314E28E14BF6006CF8CC /* TrailApp.swift */; };
		6873315128E14BF6006CF8CC /* ContentView.swift in Sources */ = {isa = PBXBuildFile; fileRef = 6873315028E14BF6006CF8CC /* ContentView.swift */; };
		6873315328E14BF7006CF8CC /* Assets.xcassets in Resources */ = {isa = PBXBuildFile; fileRef = 6873315228E14BF7006CF8CC /* Assets.xcassets */; };
		6873315628E14BF7006CF8CC /* Preview Assets.xcassets in Resources */ = {isa = PBXBuildFile; fileRef = 6873315528E14BF7006CF8CC /* Preview Assets.xcassets */; };
		6873315D28E1573C006CF8CC /* PlaceCardView.swift in Sources */ = {isa = PBXBuildFile; fileRef = 6873315C28E1573C006CF8CC /* PlaceCardView.swift */; };
		6873316028E1855F006CF8CC /* Place.swift in Sources */ = {isa = PBXBuildFile; fileRef = 6873315F28E1855F006CF8CC /* Place.swift */; };
		6873316428E19164006CF8CC /* PlaceDetailView.swift in Sources */ = {isa = PBXBuildFile; fileRef = 6873316328E19163006CF8CC /* PlaceDetailView.swift */; };
		6873316628E28DAF006CF8CC /* MapView.swift in Sources */ = {isa = PBXBuildFile; fileRef = 6873316528E28DAF006CF8CC /* MapView.swift */; };
		6873316928E2B403006CF8CC /* placeData.json in Resources */ = {isa = PBXBuildFile; fileRef = 6873316828E2B403006CF8CC /* placeData.json */; };
		6873316C28E2BEE8006CF8CC /* ModelData.swift in Sources */ = {isa = PBXBuildFile; fileRef = 6873316B28E2BEE8006CF8CC /* ModelData.swift */; };
		6873317028E2CC91006CF8CC /* PlaceList.swift in Sources */ = {isa = PBXBuildFile; fileRef = 6873316F28E2CC91006CF8CC /* PlaceList.swift */; };
		6873317328E2DEB4006CF8CC /* PlaceCardTitle.swift in Sources */ = {isa = PBXBuildFile; fileRef = 6873317228E2DEB4006CF8CC /* PlaceCardTitle.swift */; };
		6873317528E2DF9F006CF8CC /* PlaceCardImage.swift in Sources */ = {isa = PBXBuildFile; fileRef = 6873317428E2DF9F006CF8CC /* PlaceCardImage.swift */; };
		6873317728E2E19C006CF8CC /* PlaceCardBackground.swift in Sources */ = {isa = PBXBuildFile; fileRef = 6873317628E2E19C006CF8CC /* PlaceCardBackground.swift */; };
		6873317A28E33261006CF8CC /* PlaceDetailHeader.swift in Sources */ = {isa = PBXBuildFile; fileRef = 6873317928E33261006CF8CC /* PlaceDetailHeader.swift */; };
/* End PBXBuildFile section */

/* Begin PBXFileReference section */
		6873314B28E14BF6006CF8CC /* Trail.app */ = {isa = PBXFileReference; explicitFileType = wrapper.application; includeInIndex = 0; path = Trail.app; sourceTree = BUILT_PRODUCTS_DIR; };
		6873314E28E14BF6006CF8CC /* TrailApp.swift */ = {isa = PBXFileReference; lastKnownFileType = sourcecode.swift; path = TrailApp.swift; sourceTree = "<group>"; };
		6873315028E14BF6006CF8CC /* ContentView.swift */ = {isa = PBXFileReference; lastKnownFileType = sourcecode.swift; path = ContentView.swift; sourceTree = "<group>"; };
		6873315228E14BF7006CF8CC /* Assets.xcassets */ = {isa = PBXFileReference; lastKnownFileType = folder.assetcatalog; path = Assets.xcassets; sourceTree = "<group>"; };
		6873315528E14BF7006CF8CC /* Preview Assets.xcassets */ = {isa = PBXFileReference; lastKnownFileType = folder.assetcatalog; path = "Preview Assets.xcassets"; sourceTree = "<group>"; };
		6873315C28E1573C006CF8CC /* PlaceCardView.swift */ = {isa = PBXFileReference; lastKnownFileType = sourcecode.swift; path = PlaceCardView.swift; sourceTree = "<group>"; };
		6873315F28E1855F006CF8CC /* Place.swift */ = {isa = PBXFileReference; lastKnownFileType = sourcecode.swift; path = Place.swift; sourceTree = "<group>"; };
		6873316328E19163006CF8CC /* PlaceDetailView.swift */ = {isa = PBXFileReference; lastKnownFileType = sourcecode.swift; path = PlaceDetailView.swift; sourceTree = "<group>"; };
		6873316528E28DAF006CF8CC /* MapView.swift */ = {isa = PBXFileReference; lastKnownFileType = sourcecode.swift; path = MapView.swift; sourceTree = "<group>"; };
		6873316828E2B403006CF8CC /* placeData.json */ = {isa = PBXFileReference; fileEncoding = 4; lastKnownFileType = text.json; path = placeData.json; sourceTree = "<group>"; };
		6873316B28E2BEE8006CF8CC /* ModelData.swift */ = {isa = PBXFileReference; lastKnownFileType = sourcecode.swift; path = ModelData.swift; sourceTree = "<group>"; };
		6873316F28E2CC91006CF8CC /* PlaceList.swift */ = {isa = PBXFileReference; lastKnownFileType = sourcecode.swift; path = PlaceList.swift; sourceTree = "<group>"; };
		6873317228E2DEB4006CF8CC /* PlaceCardTitle.swift */ = {isa = PBXFileReference; lastKnownFileType = sourcecode.swift; path = PlaceCardTitle.swift; sourceTree = "<group>"; };
		6873317428E2DF9F006CF8CC /* PlaceCardImage.swift */ = {isa = PBXFileReference; lastKnownFileType = sourcecode.swift; path = PlaceCardImage.swift; sourceTree = "<group>"; };
		6873317628E2E19C006CF8CC /* PlaceCardBackground.swift */ = {isa = PBXFileReference; lastKnownFileType = sourcecode.swift; path = PlaceCardBackground.swift; sourceTree = "<group>"; };
		6873317928E33261006CF8CC /* PlaceDetailHeader.swift */ = {isa = PBXFileReference; lastKnownFileType = sourcecode.swift; path = PlaceDetailHeader.swift; sourceTree = "<group>"; };
/* End PBXFileReference section */

/* Begin PBXFrameworksBuildPhase section */
		6873314828E14BF6006CF8CC /* Frameworks */ = {
			isa = PBXFrameworksBuildPhase;
			buildActionMask = 2147483647;
			files = (
			);
			runOnlyForDeploymentPostprocessing = 0;
		};
/* End PBXFrameworksBuildPhase section */

/* Begin PBXGroup section */
		6873314228E14BF6006CF8CC = {
			isa = PBXGroup;
			children = (
				6873314D28E14BF6006CF8CC /* Trail */,
				6873314C28E14BF6006CF8CC /* Products */,
			);
			sourceTree = "<group>";
		};
		6873314C28E14BF6006CF8CC /* Products */ = {
			isa = PBXGroup;
			children = (
				6873314B28E14BF6006CF8CC /* Trail.app */,
			);
			name = Products;
			sourceTree = "<group>";
		};
		6873314D28E14BF6006CF8CC /* Trail */ = {
			isa = PBXGroup;
			children = (
				6873314E28E14BF6006CF8CC /* TrailApp.swift */,
				6873316728E295F4006CF8CC /* Views */,
				6873315E28E1854C006CF8CC /* Model */,
				6873316A28E2B40C006CF8CC /* Resources */,
				6873315228E14BF7006CF8CC /* Assets.xcassets */,
				6873315428E14BF7006CF8CC /* Preview Content */,
			);
			path = Trail;
			sourceTree = "<group>";
		};
		6873315428E14BF7006CF8CC /* Preview Content */ = {
			isa = PBXGroup;
			children = (
				6873315528E14BF7006CF8CC /* Preview Assets.xcassets */,
			);
			path = "Preview Content";
			sourceTree = "<group>";
		};
		6873315E28E1854C006CF8CC /* Model */ = {
			isa = PBXGroup;
			children = (
				6873316B28E2BEE8006CF8CC /* ModelData.swift */,
				6873315F28E1855F006CF8CC /* Place.swift */,
			);
			path = Model;
			sourceTree = "<group>";
		};
		6873316728E295F4006CF8CC /* Views */ = {
			isa = PBXGroup;
			children = (
				6873315028E14BF6006CF8CC /* ContentView.swift */,
				6873316F28E2CC91006CF8CC /* PlaceList.swift */,
				6873317128E2DE82006CF8CC /* PlaceCard */,
				6873317828E331D0006CF8CC /* PlaceDetail */,
			);
			path = Views;
			sourceTree = "<group>";
		};
		6873316A28E2B40C006CF8CC /* Resources */ = {
			isa = PBXGroup;
			children = (
				6873316828E2B403006CF8CC /* placeData.json */,
			);
			path = Resources;
			sourceTree = "<group>";
		};
		6873317128E2DE82006CF8CC /* PlaceCard */ = {
			isa = PBXGroup;
			children = (
				6873315C28E1573C006CF8CC /* PlaceCardView.swift */,
				6873317628E2E19C006CF8CC /* PlaceCardBackground.swift */,
				6873317428E2DF9F006CF8CC /* PlaceCardImage.swift */,
				6873317228E2DEB4006CF8CC /* PlaceCardTitle.swift */,
			);
			path = PlaceCard;
			sourceTree = "<group>";
		};
		6873317828E331D0006CF8CC /* PlaceDetail */ = {
			isa = PBXGroup;
			children = (
				6873316328E19163006CF8CC /* PlaceDetailView.swift */,
				6873317928E33261006CF8CC /* PlaceDetailHeader.swift */,
				6873316528E28DAF006CF8CC /* MapView.swift */,
			);
			path = PlaceDetail;
			sourceTree = "<group>";
		};
/* End PBXGroup section */

/* Begin PBXNativeTarget section */
		6873314A28E14BF6006CF8CC /* Trail */ = {
			isa = PBXNativeTarget;
			buildConfigurationList = 6873315928E14BF7006CF8CC /* Build configuration list for PBXNativeTarget "Trail" */;
			buildPhases = (
				6873314728E14BF6006CF8CC /* Sources */,
				6873314828E14BF6006CF8CC /* Frameworks */,
				6873314928E14BF6006CF8CC /* Resources */,
			);
			buildRules = (
			);
			dependencies = (
			);
			name = Trail;
			productName = Trail;
			productReference = 6873314B28E14BF6006CF8CC /* Trail.app */;
			productType = "com.apple.product-type.application";
		};
/* End PBXNativeTarget section */

/* Begin PBXProject section */
		6873314328E14BF6006CF8CC /* Project object */ = {
			isa = PBXProject;
			attributes = {
				BuildIndependentTargetsInParallel = 1;
				LastSwiftUpdateCheck = 1400;
				LastUpgradeCheck = 1400;
				TargetAttributes = {
					6873314A28E14BF6006CF8CC = {
						CreatedOnToolsVersion = 14.0;
					};
				};
			};
			buildConfigurationList = 6873314628E14BF6006CF8CC /* Build configuration list for PBXProject "Trail" */;
			compatibilityVersion = "Xcode 14.0";
			developmentRegion = en;
			hasScannedForEncodings = 0;
			knownRegions = (
				en,
				Base,
			);
			mainGroup = 6873314228E14BF6006CF8CC;
			productRefGroup = 6873314C28E14BF6006CF8CC /* Products */;
			projectDirPath = "";
			projectRoot = "";
			targets = (
				6873314A28E14BF6006CF8CC /* Trail */,
			);
		};
/* End PBXProject section */

/* Begin PBXResourcesBuildPhase section */
		6873314928E14BF6006CF8CC /* Resources */ = {
			isa = PBXResourcesBuildPhase;
			buildActionMask = 2147483647;
			files = (
				6873315628E14BF7006CF8CC /* Preview Assets.xcassets in Resources */,
				6873315328E14BF7006CF8CC /* Assets.xcassets in Resources */,
				6873316928E2B403006CF8CC /* placeData.json in Resources */,
			);
			runOnlyForDeploymentPostprocessing = 0;
		};
/* End PBXResourcesBuildPhase section */

/* Begin PBXSourcesBuildPhase section */
		6873314728E14BF6006CF8CC /* Sources */ = {
			isa = PBXSourcesBuildPhase;
			buildActionMask = 2147483647;
			files = (
				6873316428E19164006CF8CC /* PlaceDetailView.swift in Sources */,
				6873316628E28DAF006CF8CC /* MapView.swift in Sources */,
				6873316028E1855F006CF8CC /* Place.swift in Sources */,
				6873317528E2DF9F006CF8CC /* PlaceCardImage.swift in Sources */,
				6873317028E2CC91006CF8CC /* PlaceList.swift in Sources */,
				6873315128E14BF6006CF8CC /* ContentView.swift in Sources */,
				6873317728E2E19C006CF8CC /* PlaceCardBackground.swift in Sources */,
				6873317328E2DEB4006CF8CC /* PlaceCardTitle.swift in Sources */,
				6873314F28E14BF6006CF8CC /* TrailApp.swift in Sources */,
				6873315D28E1573C006CF8CC /* PlaceCardView.swift in Sources */,
				6873316C28E2BEE8006CF8CC /* ModelData.swift in Sources */,
				6873317A28E33261006CF8CC /* PlaceDetailHeader.swift in Sources */,
			);
			runOnlyForDeploymentPostprocessing = 0;
		};
/* End PBXSourcesBuildPhase section */

/* Begin XCBuildConfiguration section */
		6873315728E14BF7006CF8CC /* Debug */ = {
			isa = XCBuildConfiguration;
			buildSettings = {
				ALWAYS_SEARCH_USER_PATHS = NO;
				CLANG_ANALYZER_NONNULL = YES;
				CLANG_ANALYZER_NUMBER_OBJECT_CONVERSION = YES_AGGRESSIVE;
				CLANG_CXX_LANGUAGE_STANDARD = "gnu++20";
				CLANG_ENABLE_MODULES = YES;
				CLANG_ENABLE_OBJC_ARC = YES;
				CLANG_ENABLE_OBJC_WEAK = YES;
				CLANG_WARN_BLOCK_CAPTURE_AUTORELEASING = YES;
				CLANG_WARN_BOOL_CONVERSION = YES;
				CLANG_WARN_COMMA = YES;
				CLANG_WARN_CONSTANT_CONVERSION = YES;
				CLANG_WARN_DEPRECATED_OBJC_IMPLEMENTATIONS = YES;
				CLANG_WARN_DIRECT_OBJC_ISA_USAGE = YES_ERROR;
				CLANG_WARN_DOCUMENTATION_COMMENTS = YES;
				CLANG_WARN_EMPTY_BODY = YES;
				CLANG_WARN_ENUM_CONVERSION = YES;
				CLANG_WARN_INFINITE_RECURSION = YES;
				CLANG_WARN_INT_CONVERSION = YES;
				CLANG_WARN_NON_LITERAL_NULL_CONVERSION = YES;
				CLANG_WARN_OBJC_IMPLICIT_RETAIN_SELF = YES;
				CLANG_WARN_OBJC_LITERAL_CONVERSION = YES;
				CLANG_WARN_OBJC_ROOT_CLASS = YES_ERROR;
				CLANG_WARN_QUOTED_INCLUDE_IN_FRAMEWORK_HEADER = YES;
				CLANG_WARN_RANGE_LOOP_ANALYSIS = YES;
				CLANG_WARN_STRICT_PROTOTYPES = YES;
				CLANG_WARN_SUSPICIOUS_MOVE = YES;
				CLANG_WARN_UNGUARDED_AVAILABILITY = YES_AGGRESSIVE;
				CLANG_WARN_UNREACHABLE_CODE = YES;
				CLANG_WARN__DUPLICATE_METHOD_MATCH = YES;
				COPY_PHASE_STRIP = NO;
				DEBUG_INFORMATION_FORMAT = dwarf;
				ENABLE_STRICT_OBJC_MSGSEND = YES;
				ENABLE_TESTABILITY = YES;
				GCC_C_LANGUAGE_STANDARD = gnu11;
				GCC_DYNAMIC_NO_PIC = NO;
				GCC_NO_COMMON_BLOCKS = YES;
				GCC_OPTIMIZATION_LEVEL = 0;
				GCC_PREPROCESSOR_DEFINITIONS = (
					"DEBUG=1",
					"$(inherited)",
				);
				GCC_WARN_64_TO_32_BIT_CONVERSION = YES;
				GCC_WARN_ABOUT_RETURN_TYPE = YES_ERROR;
				GCC_WARN_UNDECLARED_SELECTOR = YES;
				GCC_WARN_UNINITIALIZED_AUTOS = YES_AGGRESSIVE;
				GCC_WARN_UNUSED_FUNCTION = YES;
				GCC_WARN_UNUSED_VARIABLE = YES;
				IPHONEOS_DEPLOYMENT_TARGET = 16.0;
				MTL_ENABLE_DEBUG_INFO = INCLUDE_SOURCE;
				MTL_FAST_MATH = YES;
				ONLY_ACTIVE_ARCH = YES;
				SDKROOT = iphoneos;
				SWIFT_ACTIVE_COMPILATION_CONDITIONS = DEBUG;
				SWIFT_OPTIMIZATION_LEVEL = "-Onone";
			};
			name = Debug;
		};
		6873315828E14BF7006CF8CC /* Release */ = {
			isa = XCBuildConfiguration;
			buildSettings = {
				ALWAYS_SEARCH_USER_PATHS = NO;
				CLANG_ANALYZER_NONNULL = YES;
				CLANG_ANALYZER_NUMBER_OBJECT_CONVERSION = YES_AGGRESSIVE;
				CLANG_CXX_LANGUAGE_STANDARD = "gnu++20";
				CLANG_ENABLE_MODULES = YES;
				CLANG_ENABLE_OBJC_ARC = YES;
				CLANG_ENABLE_OBJC_WEAK = YES;
				CLANG_WARN_BLOCK_CAPTURE_AUTORELEASING = YES;
				CLANG_WARN_BOOL_CONVERSION = YES;
				CLANG_WARN_COMMA = YES;
				CLANG_WARN_CONSTANT_CONVERSION = YES;
				CLANG_WARN_DEPRECATED_OBJC_IMPLEMENTATIONS = YES;
				CLANG_WARN_DIRECT_OBJC_ISA_USAGE = YES_ERROR;
				CLANG_WARN_DOCUMENTATION_COMMENTS = YES;
				CLANG_WARN_EMPTY_BODY = YES;
				CLANG_WARN_ENUM_CONVERSION = YES;
				CLANG_WARN_INFINITE_RECURSION = YES;
				CLANG_WARN_INT_CONVERSION = YES;
				CLANG_WARN_NON_LITERAL_NULL_CONVERSION = YES;
				CLANG_WARN_OBJC_IMPLICIT_RETAIN_SELF = YES;
				CLANG_WARN_OBJC_LITERAL_CONVERSION = YES;
				CLANG_WARN_OBJC_ROOT_CLASS = YES_ERROR;
				CLANG_WARN_QUOTED_INCLUDE_IN_FRAMEWORK_HEADER = YES;
				CLANG_WARN_RANGE_LOOP_ANALYSIS = YES;
				CLANG_WARN_STRICT_PROTOTYPES = YES;
				CLANG_WARN_SUSPICIOUS_MOVE = YES;
				CLANG_WARN_UNGUARDED_AVAILABILITY = YES_AGGRESSIVE;
				CLANG_WARN_UNREACHABLE_CODE = YES;
				CLANG_WARN__DUPLICATE_METHOD_MATCH = YES;
				COPY_PHASE_STRIP = NO;
				DEBUG_INFORMATION_FORMAT = "dwarf-with-dsym";
				ENABLE_NS_ASSERTIONS = NO;
				ENABLE_STRICT_OBJC_MSGSEND = YES;
				GCC_C_LANGUAGE_STANDARD = gnu11;
				GCC_NO_COMMON_BLOCKS = YES;
				GCC_WARN_64_TO_32_BIT_CONVERSION = YES;
				GCC_WARN_ABOUT_RETURN_TYPE = YES_ERROR;
				GCC_WARN_UNDECLARED_SELECTOR = YES;
				GCC_WARN_UNINITIALIZED_AUTOS = YES_AGGRESSIVE;
				GCC_WARN_UNUSED_FUNCTION = YES;
				GCC_WARN_UNUSED_VARIABLE = YES;
				IPHONEOS_DEPLOYMENT_TARGET = 16.0;
				MTL_ENABLE_DEBUG_INFO = NO;
				MTL_FAST_MATH = YES;
				SDKROOT = iphoneos;
				SWIFT_COMPILATION_MODE = wholemodule;
				SWIFT_OPTIMIZATION_LEVEL = "-O";
				VALIDATE_PRODUCT = YES;
			};
			name = Release;
		};
		6873315A28E14BF7006CF8CC /* Debug */ = {
			isa = XCBuildConfiguration;
			buildSettings = {
				ASSETCATALOG_COMPILER_APPICON_NAME = AppIcon;
				ASSETCATALOG_COMPILER_GLOBAL_ACCENT_COLOR_NAME = AccentColor;
				CODE_SIGN_STYLE = Automatic;
				CURRENT_PROJECT_VERSION = 1;
				DEVELOPMENT_ASSET_PATHS = "\"Trail/Preview Content\"";
				DEVELOPMENT_TEAM = 39CM546LFY;
				ENABLE_PREVIEWS = YES;
				GENERATE_INFOPLIST_FILE = YES;
				INFOPLIST_KEY_UIApplicationSceneManifest_Generation = YES;
				INFOPLIST_KEY_UIApplicationSupportsIndirectInputEvents = YES;
				INFOPLIST_KEY_UILaunchScreen_Generation = YES;
				INFOPLIST_KEY_UISupportedInterfaceOrientations_iPad = "UIInterfaceOrientationPortrait UIInterfaceOrientationPortraitUpsideDown UIInterfaceOrientationLandscapeLeft UIInterfaceOrientationLandscapeRight";
				INFOPLIST_KEY_UISupportedInterfaceOrientations_iPhone = "UIInterfaceOrientationPortrait UIInterfaceOrientationLandscapeLeft UIInterfaceOrientationLandscapeRight";
				LD_RUNPATH_SEARCH_PATHS = (
					"$(inherited)",
					"@executable_path/Frameworks",
				);
				MARKETING_VERSION = 1.0;
				PRODUCT_BUNDLE_IDENTIFIER = com.project.Trail;
				PRODUCT_NAME = "$(TARGET_NAME)";
				SWIFT_EMIT_LOC_STRINGS = YES;
				SWIFT_VERSION = 5.0;
				TARGETED_DEVICE_FAMILY = "1,2";
			};
			name = Debug;
		};
		6873315B28E14BF7006CF8CC /* Release */ = {
			isa = XCBuildConfiguration;
			buildSettings = {
				ASSETCATALOG_COMPILER_APPICON_NAME = AppIcon;
				ASSETCATALOG_COMPILER_GLOBAL_ACCENT_COLOR_NAME = AccentColor;
				CODE_SIGN_STYLE = Automatic;
				CURRENT_PROJECT_VERSION = 1;
				DEVELOPMENT_ASSET_PATHS = "\"Trail/Preview Content\"";
				DEVELOPMENT_TEAM = 39CM546LFY;
				ENABLE_PREVIEWS = YES;
				GENERATE_INFOPLIST_FILE = YES;
				INFOPLIST_KEY_UIApplicationSceneManifest_Generation = YES;
				INFOPLIST_KEY_UIApplicationSupportsIndirectInputEvents = YES;
				INFOPLIST_KEY_UILaunchScreen_Generation = YES;
				INFOPLIST_KEY_UISupportedInterfaceOrientations_iPad = "UIInterfaceOrientationPortrait UIInterfaceOrientationPortraitUpsideDown UIInterfaceOrientationLandscapeLeft UIInterfaceOrientationLandscapeRight";
				INFOPLIST_KEY_UISupportedInterfaceOrientations_iPhone = "UIInterfaceOrientationPortrait UIInterfaceOrientationLandscapeLeft UIInterfaceOrientationLandscapeRight";
				LD_RUNPATH_SEARCH_PATHS = (
					"$(inherited)",
					"@executable_path/Frameworks",
				);
				MARKETING_VERSION = 1.0;
				PRODUCT_BUNDLE_IDENTIFIER = com.project.Trail;
				PRODUCT_NAME = "$(TARGET_NAME)";
				SWIFT_EMIT_LOC_STRINGS = YES;
				SWIFT_VERSION = 5.0;
				TARGETED_DEVICE_FAMILY = "1,2";
			};
			name = Release;
		};
/* End XCBuildConfiguration section */

/* Begin XCConfigurationList section */
		6873314628E14BF6006CF8CC /* Build configuration list for PBXProject "Trail" */ = {
			isa = XCConfigurationList;
			buildConfigurations = (
				6873315728E14BF7006CF8CC /* Debug */,
				6873315828E14BF7006CF8CC /* Release */,
			);
			defaultConfigurationIsVisible = 0;
			defaultConfigurationName = Release;
		};
		6873315928E14BF7006CF8CC /* Build configuration list for PBXNativeTarget "Trail" */ = {
			isa = XCConfigurationList;
			buildConfigurations = (
				6873315A28E14BF7006CF8CC /* Debug */,
				6873315B28E14BF7006CF8CC /* Release */,
			);
			defaultConfigurationIsVisible = 0;
			defaultConfigurationName = Release;
		};
/* End XCConfigurationList section */
	};
	rootObject = 6873314328E14BF6006CF8CC /* Project object */;
}
